
Microsoft Visual Studio Solution File, Format Version 12.00
# Visual Studio Version 16
VisualStudioVersion = 16.0.30717.126
MinimumVisualStudioVersion = 10.0.40219.1
Project("{FAE04EC0-301F-11D3-BF4B-00C04F79EFBC}") = "NUnitTestProject1", "NUnitTestProject1\NUnitTestProject1.csproj", "{C422C3F1-F163-48C0-B426-30AB36E86CBC}"
EndProject
Global
	GlobalSection(SolutionConfigurationPlatforms) = preSolution
		Debug|Any CPU = Debug|Any CPU
		Release|Any CPU = Release|Any CPU
	EndGlobalSection
	GlobalSection(ProjectConfigurationPlatforms) = postSolution
		{C422C3F1-F163-48C0-B426-30AB36E86CBC}.Debug|Any CPU.ActiveCfg = Debug|Any CPU
		{C422C3F1-F163-48C0-B426-30AB36E86CBC}.Debug|Any CPU.Build.0 = Debug|Any CPU
		{C422C3F1-F163-48C0-B426-30AB36E86CBC}.Release|Any CPU.ActiveCfg = Release|Any CPU
		{C422C3F1-F163-48C0-B426-30AB36E86CBC}.Release|Any CPU.Build.0 = Release|Any CPU
	EndGlobalSection
	GlobalSection(SolutionProperties) = preSolution
		HideSolutionNode = FALSE
	EndGlobalSection
	GlobalSection(ExtensibilityGlobals) = postSolution
		SolutionGuid = {8705491F-AD84-4488-AA1B-5120EAA994A0}
	EndGlobalSection
EndGlobal
